
Microsoft Visual Studio Solution File, Format Version 12.00
# Visual Studio 14
VisualStudioVersion = 14.0.25420.1
MinimumVisualStudioVersion = 10.0.40219.1
Project("{FAE04EC0-301F-11D3-BF4B-00C04F79EFBC}") = "QuieroPizza.Web", "QuieroPizza.Web\QuieroPizza.Web.csproj", "{50FBBDA3-B599-441F-83D6-44CE834A42D5}"
EndProject
Project("{FAE04EC0-301F-11D3-BF4B-00C04F79EFBC}") = "QuieroPiza.WebAdmin", "QuieroPiza.WebAdmin\QuieroPiza.WebAdmin.csproj", "{033033AC-198C-44AE-BC63-AAB79185F603}"
EndProject
Project("{FAE04EC0-301F-11D3-BF4B-00C04F79EFBC}") = "QuieroPizza.Win", "QuieroPizza.Win\QuieroPizza.Win.csproj", "{CD401BDD-E00C-418C-B43C-EF518172B899}"
EndProject
Project("{FAE04EC0-301F-11D3-BF4B-00C04F79EFBC}") = "QuieroPizza.BL", "QuieroPizza.BL\QuieroPizza.BL.csproj", "{B4B8FFEA-1972-4568-995B-19736D87CD07}"
EndProject
Global
	GlobalSection(SolutionConfigurationPlatforms) = preSolution
		Debug|Any CPU = Debug|Any CPU
		Release|Any CPU = Release|Any CPU
	EndGlobalSection
	GlobalSection(ProjectConfigurationPlatforms) = postSolution
		{50FBBDA3-B599-441F-83D6-44CE834A42D5}.Debug|Any CPU.ActiveCfg = Debug|Any CPU
		{50FBBDA3-B599-441F-83D6-44CE834A42D5}.Debug|Any CPU.Build.0 = Debug|Any CPU
		{50FBBDA3-B599-441F-83D6-44CE834A42D5}.Release|Any CPU.ActiveCfg = Release|Any CPU
		{50FBBDA3-B599-441F-83D6-44CE834A42D5}.Release|Any CPU.Build.0 = Release|Any CPU
		{033033AC-198C-44AE-BC63-AAB79185F603}.Debug|Any CPU.ActiveCfg = Debug|Any CPU
		{033033AC-198C-44AE-BC63-AAB79185F603}.Debug|Any CPU.Build.0 = Debug|Any CPU
		{033033AC-198C-44AE-BC63-AAB79185F603}.Release|Any CPU.ActiveCfg = Release|Any CPU
		{033033AC-198C-44AE-BC63-AAB79185F603}.Release|Any CPU.Build.0 = Release|Any CPU
		{CD401BDD-E00C-418C-B43C-EF518172B899}.Debug|Any CPU.ActiveCfg = Debug|Any CPU
		{CD401BDD-E00C-418C-B43C-EF518172B899}.Debug|Any CPU.Build.0 = Debug|Any CPU
		{CD401BDD-E00C-418C-B43C-EF518172B899}.Release|Any CPU.ActiveCfg = Release|Any CPU
		{CD401BDD-E00C-418C-B43C-EF518172B899}.Release|Any CPU.Build.0 = Release|Any CPU
		{B4B8FFEA-1972-4568-995B-19736D87CD07}.Debug|Any CPU.ActiveCfg = Debug|Any CPU
		{B4B8FFEA-1972-4568-995B-19736D87CD07}.Debug|Any CPU.Build.0 = Debug|Any CPU
		{B4B8FFEA-1972-4568-995B-19736D87CD07}.Release|Any CPU.ActiveCfg = Release|Any CPU
		{B4B8FFEA-1972-4568-995B-19736D87CD07}.Release|Any CPU.Build.0 = Release|Any CPU
	EndGlobalSection
	GlobalSection(SolutionProperties) = preSolution
		HideSolutionNode = FALSE
	EndGlobalSection
EndGlobal
